
Microsoft Visual Studio Solution File, Format Version 12.00
# Visual Studio Version 17
VisualStudioVersion = 17.4.33205.214
MinimumVisualStudioVersion = 10.0.40219.1
Project("{FAE04EC0-301F-11D3-BF4B-00C04F79EFBC}") = "Your Garage", "Your Garage\Your Garage.csproj", "{B98808DD-FF0A-4244-8DAF-2A7B0F9816D8}"
EndProject
Global
	GlobalSection(SolutionConfigurationPlatforms) = preSolution
		Debug|Any CPU = Debug|Any CPU
		Release|Any CPU = Release|Any CPU
	EndGlobalSection
	GlobalSection(ProjectConfigurationPlatforms) = postSolution
		{B98808DD-FF0A-4244-8DAF-2A7B0F9816D8}.Debug|Any CPU.ActiveCfg = Debug|Any CPU
		{B98808DD-FF0A-4244-8DAF-2A7B0F9816D8}.Debug|Any CPU.Build.0 = Debug|Any CPU
		{B98808DD-FF0A-4244-8DAF-2A7B0F9816D8}.Release|Any CPU.ActiveCfg = Release|Any CPU
		{B98808DD-FF0A-4244-8DAF-2A7B0F9816D8}.Release|Any CPU.Build.0 = Release|Any CPU
	EndGlobalSection
	GlobalSection(SolutionProperties) = preSolution
		HideSolutionNode = FALSE
	EndGlobalSection
	GlobalSection(ExtensibilityGlobals) = postSolution
		SolutionGuid = {A3317D11-74FE-4BCF-8EBC-C20B486DF32C}
	EndGlobalSection
EndGlobal
